// !$*UTF8*$!
{
	archiveVersion = 1;
	classes = {
	};
	objectVersion = 46;
	objects = {

/* Begin PBXBuildFile section */
		86B842DD1A33B53100432A53 /* main.m in Sources */ = {isa = PBXBuildFile; fileRef = 86B842DC1A33B53100432A53 /* main.m */; };
		86B842E01A33B53100432A53 /* AppDelegate.m in Sources */ = {isa = PBXBuildFile; fileRef = 86B842DF1A33B53100432A53 /* AppDelegate.m */; };
		86B842E31A33B53100432A53 /* FirstViewController.m in Sources */ = {isa = PBXBuildFile; fileRef = 86B842E21A33B53100432A53 /* FirstViewController.m */; };
		86B842E61A33B53100432A53 /* SecondViewController.m in Sources */ = {isa = PBXBuildFile; fileRef = 86B842E51A33B53100432A53 /* SecondViewController.m */; };
		86B842E91A33B53100432A53 /* Main.storyboard in Resources */ = {isa = PBXBuildFile; fileRef = 86B842E71A33B53100432A53 /* Main.storyboard */; };
		86B842EB1A33B53100432A53 /* Images.xcassets in Resources */ = {isa = PBXBuildFile; fileRef = 86B842EA1A33B53100432A53 /* Images.xcassets */; };
		86B842EE1A33B53100432A53 /* LaunchScreen.xib in Resources */ = {isa = PBXBuildFile; fileRef = 86B842EC1A33B53100432A53 /* LaunchScreen.xib */; };
		86B842FA1A33B53100432A53 /* MahoganyTests.m in Sources */ = {isa = PBXBuildFile; fileRef = 86B842F91A33B53100432A53 /* MahoganyTests.m */; };
/* End PBXBuildFile section */

/* Begin PBXContainerItemProxy section */
		86B842F41A33B53100432A53 /* PBXContainerItemProxy */ = {
			isa = PBXContainerItemProxy;
			containerPortal = 86B842CF1A33B53100432A53 /* Project object */;
			proxyType = 1;
			remoteGlobalIDString = 86B842D61A33B53100432A53;
			remoteInfo = Mahogany;
		};
/* End PBXContainerItemProxy section */

/* Begin PBXFileReference section */
		86B842D71A33B53100432A53 /* Mahogany.app */ = {isa = PBXFileReference; explicitFileType = wrapper.application; includeInIndex = 0; path = Mahogany.app; sourceTree = BUILT_PRODUCTS_DIR; };
		86B842DB1A33B53100432A53 /* Info.plist */ = {isa = PBXFileReference; lastKnownFileType = text.plist.xml; path = Info.plist; sourceTree = "<group>"; };
		86B842DC1A33B53100432A53 /* main.m */ = {isa = PBXFileReference; lastKnownFileType = sourcecode.c.objc; path = main.m; sourceTree = "<group>"; };
		86B842DE1A33B53100432A53 /* AppDelegate.h */ = {isa = PBXFileReference; lastKnownFileType = sourcecode.c.h; path = AppDelegate.h; sourceTree = "<group>"; };
		86B842DF1A33B53100432A53 /* AppDelegate.m */ = {isa = PBXFileReference; lastKnownFileType = sourcecode.c.objc; path = AppDelegate.m; sourceTree = "<group>"; };
		86B842E11A33B53100432A53 /* FirstViewController.h */ = {isa = PBXFileReference; lastKnownFileType = sourcecode.c.h; path = FirstViewController.h; sourceTree = "<group>"; };
		86B842E21A33B53100432A53 /* FirstViewController.m */ = {isa = PBXFileReference; lastKnownFileType = sourcecode.c.objc; path = FirstViewController.m; sourceTree = "<group>"; };
		86B842E41A33B53100432A53 /* SecondViewController.h */ = {isa = PBXFileReference; lastKnownFileType = sourcecode.c.h; path = SecondViewController.h; sourceTree = "<group>"; };
		86B842E51A33B53100432A53 /* SecondViewController.m */ = {isa = PBXFileReference; lastKnownFileType = sourcecode.c.objc; path = SecondViewController.m; sourceTree = "<group>"; };
		86B842E81A33B53100432A53 /* Base */ = {isa = PBXFileReference; lastKnownFileType = file.storyboard; name = Base; path = Base.lproj/Main.storyboard; sourceTree = "<group>"; };
		86B842EA1A33B53100432A53 /* Images.xcassets */ = {isa = PBXFileReference; lastKnownFileType = folder.assetcatalog; path = Images.xcassets; sourceTree = "<group>"; };
		86B842ED1A33B53100432A53 /* Base */ = {isa = PBXFileReference; lastKnownFileType = file.xib; name = Base; path = Base.lproj/LaunchScreen.xib; sourceTree = "<group>"; };
		86B842F31A33B53100432A53 /* MahoganyTests.xctest */ = {isa = PBXFileReference; explicitFileType = wrapper.cfbundle; includeInIndex = 0; path = MahoganyTests.xctest; sourceTree = BUILT_PRODUCTS_DIR; };
		86B842F81A33B53100432A53 /* Info.plist */ = {isa = PBXFileReference; lastKnownFileType = text.plist.xml; path = Info.plist; sourceTree = "<group>"; };
		86B842F91A33B53100432A53 /* MahoganyTests.m */ = {isa = PBXFileReference; lastKnownFileType = sourcecode.c.objc; path = MahoganyTests.m; sourceTree = "<group>"; };
/* End PBXFileReference section */

/* Begin PBXFrameworksBuildPhase section */
		86B842D41A33B53100432A53 /* Frameworks */ = {
			isa = PBXFrameworksBuildPhase;
			buildActionMask = 2147483647;
			files = (
			);
			runOnlyForDeploymentPostprocessing = 0;
		};
		86B842F01A33B53100432A53 /* Frameworks */ = {
			isa = PBXFrameworksBuildPhase;
			buildActionMask = 2147483647;
			files = (
			);
			runOnlyForDeploymentPostprocessing = 0;
		};
/* End PBXFrameworksBuildPhase section */

/* Begin PBXGroup section */
		86B842CE1A33B53100432A53 = {
			isa = PBXGroup;
			children = (
				86B842D91A33B53100432A53 /* Mahogany */,
				86B842F61A33B53100432A53 /* MahoganyTests */,
				86B842D81A33B53100432A53 /* Products */,
			);
			sourceTree = "<group>";
		};
		86B842D81A33B53100432A53 /* Products */ = {
			isa = PBXGroup;
			children = (
				86B842D71A33B53100432A53 /* Mahogany.app */,
				86B842F31A33B53100432A53 /* MahoganyTests.xctest */,
			);
			name = Products;
			sourceTree = "<group>";
		};
		86B842D91A33B53100432A53 /* Mahogany */ = {
			isa = PBXGroup;
			children = (
				86B842DE1A33B53100432A53 /* AppDelegate.h */,
				86B842DF1A33B53100432A53 /* AppDelegate.m */,
				86B842E11A33B53100432A53 /* FirstViewController.h */,
				86B842E21A33B53100432A53 /* FirstViewController.m */,
				86B842E41A33B53100432A53 /* SecondViewController.h */,
				86B842E51A33B53100432A53 /* SecondViewController.m */,
				86B842E71A33B53100432A53 /* Main.storyboard */,
				86B842EA1A33B53100432A53 /* Images.xcassets */,
				86B842EC1A33B53100432A53 /* LaunchScreen.xib */,
				86B842DA1A33B53100432A53 /* Supporting Files */,
			);
			path = Mahogany;
			sourceTree = "<group>";
		};
		86B842DA1A33B53100432A53 /* Supporting Files */ = {
			isa = PBXGroup;
			children = (
				86B842DB1A33B53100432A53 /* Info.plist */,
				86B842DC1A33B53100432A53 /* main.m */,
			);
			name = "Supporting Files";
			sourceTree = "<group>";
		};
		86B842F61A33B53100432A53 /* MahoganyTests */ = {
			isa = PBXGroup;
			children = (
				86B842F91A33B53100432A53 /* MahoganyTests.m */,
				86B842F71A33B53100432A53 /* Supporting Files */,
			);
			path = MahoganyTests;
			sourceTree = "<group>";
		};
		86B842F71A33B53100432A53 /* Supporting Files */ = {
			isa = PBXGroup;
			children = (
				86B842F81A33B53100432A53 /* Info.plist */,
			);
			name = "Supporting Files";
			sourceTree = "<group>";
		};
/* End PBXGroup section */

/* Begin PBXNativeTarget section */
		86B842D61A33B53100432A53 /* Mahogany */ = {
			isa = PBXNativeTarget;
			buildConfigurationList = 86B842FD1A33B53100432A53 /* Build configuration list for PBXNativeTarget "Mahogany" */;
			buildPhases = (
				86B842D31A33B53100432A53 /* Sources */,
				86B842D41A33B53100432A53 /* Frameworks */,
				86B842D51A33B53100432A53 /* Resources */,
			);
			buildRules = (
			);
			dependencies = (
			);
			name = Mahogany;
			productName = Mahogany;
			productReference = 86B842D71A33B53100432A53 /* Mahogany.app */;
			productType = "com.apple.product-type.application";
		};
		86B842F21A33B53100432A53 /* MahoganyTests */ = {
			isa = PBXNativeTarget;
			buildConfigurationList = 86B843001A33B53100432A53 /* Build configuration list for PBXNativeTarget "MahoganyTests" */;
			buildPhases = (
				86B842EF1A33B53100432A53 /* Sources */,
				86B842F01A33B53100432A53 /* Frameworks */,
				86B842F11A33B53100432A53 /* Resources */,
			);
			buildRules = (
			);
			dependencies = (
				86B842F51A33B53100432A53 /* PBXTargetDependency */,
			);
			name = MahoganyTests;
			productName = MahoganyTests;
			productReference = 86B842F31A33B53100432A53 /* MahoganyTests.xctest */;
			productType = "com.apple.product-type.bundle.unit-test";
		};
/* End PBXNativeTarget section */

/* Begin PBXProject section */
		86B842CF1A33B53100432A53 /* Project object */ = {
			isa = PBXProject;
			attributes = {
				LastUpgradeCheck = 0610;
				ORGANIZATIONNAME = "ALDRIN PINEDA";
				TargetAttributes = {
					86B842D61A33B53100432A53 = {
						CreatedOnToolsVersion = 6.1.1;
					};
					86B842F21A33B53100432A53 = {
						CreatedOnToolsVersion = 6.1.1;
						TestTargetID = 86B842D61A33B53100432A53;
					};
				};
			};
			buildConfigurationList = 86B842D21A33B53100432A53 /* Build configuration list for PBXProject "Mahogany" */;
			compatibilityVersion = "Xcode 3.2";
			developmentRegion = English;
			hasScannedForEncodings = 0;
			knownRegions = (
				en,
				Base,
			);
			mainGroup = 86B842CE1A33B53100432A53;
			productRefGroup = 86B842D81A33B53100432A53 /* Products */;
			projectDirPath = "";
			projectRoot = "";
			targets = (
				86B842D61A33B53100432A53 /* Mahogany */,
				86B842F21A33B53100432A53 /* MahoganyTests */,
			);
		};
/* End PBXProject section */

/* Begin PBXResourcesBuildPhase section */
		86B842D51A33B53100432A53 /* Resources */ = {
			isa = PBXResourcesBuildPhase;
			buildActionMask = 2147483647;
			files = (
				86B842E91A33B53100432A53 /* Main.storyboard in Resources */,
				86B842EE1A33B53100432A53 /* LaunchScreen.xib in Resources */,
				86B842EB1A33B53100432A53 /* Images.xcassets in Resources */,
			);
			runOnlyForDeploymentPostprocessing = 0;
		};
		86B842F11A33B53100432A53 /* Resources */ = {
			isa = PBXResourcesBuildPhase;
			buildActionMask = 2147483647;
			files = (
			);
			runOnlyForDeploymentPostprocessing = 0;
		};
/* End PBXResourcesBuildPhase section */

/* Begin PBXSourcesBuildPhase section */
		86B842D31A33B53100432A53 /* Sources */ = {
			isa = PBXSourcesBuildPhase;
			buildActionMask = 2147483647;
			files = (
				86B842E61A33B53100432A53 /* SecondViewController.m in Sources */,
				86B842E01A33B53100432A53 /* AppDelegate.m in Sources */,
				86B842E31A33B53100432A53 /* FirstViewController.m in Sources */,
				86B842DD1A33B53100432A53 /* main.m in Sources */,
			);
			runOnlyForDeploymentPostprocessing = 0;
		};
		86B842EF1A33B53100432A53 /* Sources */ = {
			isa = PBXSourcesBuildPhase;
			buildActionMask = 2147483647;
			files = (
				86B842FA1A33B53100432A53 /* MahoganyTests.m in Sources */,
			);
			runOnlyForDeploymentPostprocessing = 0;
		};
/* End PBXSourcesBuildPhase section */

/* Begin PBXTargetDependency section */
		86B842F51A33B53100432A53 /* PBXTargetDependency */ = {
			isa = PBXTargetDependency;
			target = 86B842D61A33B53100432A53 /* Mahogany */;
			targetProxy = 86B842F41A33B53100432A53 /* PBXContainerItemProxy */;
		};
/* End PBXTargetDependency section */

/* Begin PBXVariantGroup section */
		86B842E71A33B53100432A53 /* Main.storyboard */ = {
			isa = PBXVariantGroup;
			children = (
				86B842E81A33B53100432A53 /* Base */,
			);
			name = Main.storyboard;
			sourceTree = "<group>";
		};
		86B842EC1A33B53100432A53 /* LaunchScreen.xib */ = {
			isa = PBXVariantGroup;
			children = (
				86B842ED1A33B53100432A53 /* Base */,
			);
			name = LaunchScreen.xib;
			sourceTree = "<group>";
		};
/* End PBXVariantGroup section */

/* Begin XCBuildConfiguration section */
		86B842FB1A33B53100432A53 /* Debug */ = {
			isa = XCBuildConfiguration;
			buildSettings = {
				ALWAYS_SEARCH_USER_PATHS = NO;
				CLANG_CXX_LANGUAGE_STANDARD = "gnu++0x";
				CLANG_CXX_LIBRARY = "libc++";
				CLANG_ENABLE_MODULES = YES;
				CLANG_ENABLE_OBJC_ARC = YES;
				CLANG_WARN_BOOL_CONVERSION = YES;
				CLANG_WARN_CONSTANT_CONVERSION = YES;
				CLANG_WARN_DIRECT_OBJC_ISA_USAGE = YES_ERROR;
				CLANG_WARN_EMPTY_BODY = YES;
				CLANG_WARN_ENUM_CONVERSION = YES;
				CLANG_WARN_INT_CONVERSION = YES;
				CLANG_WARN_OBJC_ROOT_CLASS = YES_ERROR;
				CLANG_WARN_UNREACHABLE_CODE = YES;
				CLANG_WARN__DUPLICATE_METHOD_MATCH = YES;
				"CODE_SIGN_IDENTITY[sdk=iphoneos*]" = "iPhone Developer";
				COPY_PHASE_STRIP = NO;
				ENABLE_STRICT_OBJC_MSGSEND = YES;
				GCC_C_LANGUAGE_STANDARD = gnu99;
				GCC_DYNAMIC_NO_PIC = NO;
				GCC_OPTIMIZATION_LEVEL = 0;
				GCC_PREPROCESSOR_DEFINITIONS = (
					"DEBUG=1",
					"$(inherited)",
				);
				GCC_SYMBOLS_PRIVATE_EXTERN = NO;
				GCC_WARN_64_TO_32_BIT_CONVERSION = YES;
				GCC_WARN_ABOUT_RETURN_TYPE = YES_ERROR;
				GCC_WARN_UNDECLARED_SELECTOR = YES;
				GCC_WARN_UNINITIALIZED_AUTOS = YES_AGGRESSIVE;
				GCC_WARN_UNUSED_FUNCTION = YES;
				GCC_WARN_UNUSED_VARIABLE = YES;
				IPHONEOS_DEPLOYMENT_TARGET = 8.1;
				MTL_ENABLE_DEBUG_INFO = YES;
				ONLY_ACTIVE_ARCH = YES;
				SDKROOT = iphoneos;
				TARGETED_DEVICE_FAMILY = "1,2";
			};
			name = Debug;
		};
		86B842FC1A33B53100432A53 /* Release */ = {
			isa = XCBuildConfiguration;
			buildSettings = {
				ALWAYS_SEARCH_USER_PATHS = NO;
				CLANG_CXX_LANGUAGE_STANDARD = "gnu++0x";
				CLANG_CXX_LIBRARY = "libc++";
				CLANG_ENABLE_MODULES = YES;
				CLANG_ENABLE_OBJC_ARC = YES;
				CLANG_WARN_BOOL_CONVERSION = YES;
				CLANG_WARN_CONSTANT_CONVERSION = YES;
				CLANG_WARN_DIRECT_OBJC_ISA_USAGE = YES_ERROR;
				CLANG_WARN_EMPTY_BODY = YES;
				CLANG_WARN_ENUM_CONVERSION = YES;
				CLANG_WARN_INT_CONVERSION = YES;
				CLANG_WARN_OBJC_ROOT_CLASS = YES_ERROR;
				CLANG_WARN_UNREACHABLE_CODE = YES;
				CLANG_WARN__DUPLICATE_METHOD_MATCH = YES;
				"CODE_SIGN_IDENTITY[sdk=iphoneos*]" = "iPhone Developer";
				COPY_PHASE_STRIP = YES;
				ENABLE_NS_ASSERTIONS = NO;
				ENABLE_STRICT_OBJC_MSGSEND = YES;
				GCC_C_LANGUAGE_STANDARD = gnu99;
				GCC_WARN_64_TO_32_BIT_CONVERSION = YES;
				GCC_WARN_ABOUT_RETURN_TYPE = YES_ERROR;
				GCC_WARN_UNDECLARED_SELECTOR = YES;
				GCC_WARN_UNINITIALIZED_AUTOS = YES_AGGRESSIVE;
				GCC_WARN_UNUSED_FUNCTION = YES;
				GCC_WARN_UNUSED_VARIABLE = YES;
				IPHONEOS_DEPLOYMENT_TARGET = 8.1;
				MTL_ENABLE_DEBUG_INFO = NO;
				SDKROOT = iphoneos;
				TARGETED_DEVICE_FAMILY = "1,2";
				VALIDATE_PRODUCT = YES;
			};
			name = Release;
		};
		86B842FE1A33B53100432A53 /* Debug */ = {
			isa = XCBuildConfiguration;
			buildSettings = {
				ASSETCATALOG_COMPILER_APPICON_NAME = AppIcon;
				INFOPLIST_FILE = Mahogany/Info.plist;
				LD_RUNPATH_SEARCH_PATHS = "$(inherited) @executable_path/Frameworks";
				PRODUCT_NAME = "$(TARGET_NAME)";
			};
			name = Debug;
		};
		86B842FF1A33B53100432A53 /* Release */ = {
			isa = XCBuildConfiguration;
			buildSettings = {
				ASSETCATALOG_COMPILER_APPICON_NAME = AppIcon;
				INFOPLIST_FILE = Mahogany/Info.plist;
				LD_RUNPATH_SEARCH_PATHS = "$(inherited) @executable_path/Frameworks";
				PRODUCT_NAME = "$(TARGET_NAME)";
			};
			name = Release;
		};
		86B843011A33B53100432A53 /* Debug */ = {
			isa = XCBuildConfiguration;
			buildSettings = {
				BUNDLE_LOADER = "$(TEST_HOST)";
				FRAMEWORK_SEARCH_PATHS = (
					"$(SDKROOT)/Developer/Library/Frameworks",
					"$(inherited)",
				);
				GCC_PREPROCESSOR_DEFINITIONS = (
					"DEBUG=1",
					"$(inherited)",
				);
				INFOPLIST_FILE = MahoganyTests/Info.plist;
				LD_RUNPATH_SEARCH_PATHS = "$(inherited) @executable_path/Frameworks @loader_path/Frameworks";
				PRODUCT_NAME = "$(TARGET_NAME)";
				TEST_HOST = "$(BUILT_PRODUCTS_DIR)/Mahogany.app/Mahogany";
			};
			name = Debug;
		};
		86B843021A33B53100432A53 /* Release */ = {
			isa = XCBuildConfiguration;
			buildSettings = {
				BUNDLE_LOADER = "$(TEST_HOST)";
				FRAMEWORK_SEARCH_PATHS = (
					"$(SDKROOT)/Developer/Library/Frameworks",
					"$(inherited)",
				);
				INFOPLIST_FILE = MahoganyTests/Info.plist;
				LD_RUNPATH_SEARCH_PATHS = "$(inherited) @executable_path/Frameworks @loader_path/Frameworks";
				PRODUCT_NAME = "$(TARGET_NAME)";
				TEST_HOST = "$(BUILT_PRODUCTS_DIR)/Mahogany.app/Mahogany";
			};
			name = Release;
		};
/* End XCBuildConfiguration section */

/* Begin XCConfigurationList section */
		86B842D21A33B53100432A53 /* Build configuration list for PBXProject "Mahogany" */ = {
			isa = XCConfigurationList;
			buildConfigurations = (
				86B842FB1A33B53100432A53 /* Debug */,
				86B842FC1A33B53100432A53 /* Release */,
			);
			defaultConfigurationIsVisible = 0;
			defaultConfigurationName = Release;
		};
		86B842FD1A33B53100432A53 /* Build configuration list for PBXNativeTarget "Mahogany" */ = {
			isa = XCConfigurationList;
			buildConfigurations = (
				86B842FE1A33B53100432A53 /* Debug */,
				86B842FF1A33B53100432A53 /* Release */,
			);
			defaultConfigurationIsVisible = 0;
		};
		86B843001A33B53100432A53 /* Build configuration list for PBXNativeTarget "MahoganyTests" */ = {
			isa = XCConfigurationList;
			buildConfigurations = (
				86B843011A33B53100432A53 /* Debug */,
				86B843021A33B53100432A53 /* Release */,
			);
			defaultConfigurationIsVisible = 0;
		};
/* End XCConfigurationList section */
	};
	rootObject = 86B842CF1A33B53100432A53 /* Project object */;
}
